{
  "name": "StreamMaster",
  "lockfileVersion": 3,
  "requires": true,
  "packages": {
    "": {
      "dependencies": {
        "@vidstack/react": "^0.6.5",
        "vidstack": "^0.6.5"
      }
    },
    "node_modules/@maverick-js/signals": {
      "version": "5.10.3",
      "resolved": "https://registry.npmjs.org/@maverick-js/signals/-/signals-5.10.3.tgz",
      "integrity": "sha512-5qS0v41jBRhopHmSjWTWWcn/19bDwFqOxL5oHYYYROc/L+cyos3A/qYhcmjU9bPPskc5JiUgLn0O7LV/OvGUmg=="
    },
    "node_modules/@types/prop-types": {
      "version": "15.7.5",
      "resolved": "https://registry.npmjs.org/@types/prop-types/-/prop-types-15.7.5.tgz",
      "integrity": "sha512-JCB8C6SnDoQf0cNycqd/35A7MjcnK+ZTqE7judS6o7utxUCg6imJg3QK2qzHKszlTjcj2cn+NwMB2i96ubpj7w==",
      "peer": true
    },
    "node_modules/@types/react": {
      "version": "18.2.9",
      "resolved": "https://registry.npmjs.org/@types/react/-/react-18.2.9.tgz",
      "integrity": "sha512-pL3JAesUkF7PEQGxh5XOwdXGV907te6m1/Qe1ERJLgomojS6Ne790QiA7GUl434JEkFA2aAaB6qJ5z4e1zJn/w==",
      "peer": true,
      "dependencies": {
        "@types/prop-types": "*",
        "@types/scheduler": "*",
        "csstype": "^3.0.2"
      }
    },
    "node_modules/@types/scheduler": {
      "version": "0.16.3",
      "resolved": "https://registry.npmjs.org/@types/scheduler/-/scheduler-0.16.3.tgz",
      "integrity": "sha512-5cJ8CB4yAx7BH1oMvdU0Jh9lrEXyPkar6F9G/ERswkCuvP4KQZfZkSjcMbAICCpQTN4OuZn8tz0HiKv9TGZgrQ==",
      "peer": true
    },
    "node_modules/@vidstack/react": {
      "version": "0.6.5",
      "resolved": "https://registry.npmjs.org/@vidstack/react/-/react-0.6.5.tgz",
      "integrity": "sha512-JHbFQKp2b/CT9ax2gGruOBBwghq5A/LBLGlHI1KNUa0kQQPWflFzQjC9VjUWQ4OpQp8xaRD4QADBLBHMvTFUhA==",
      "engines": {
        "node": ">=16"
      },
      "peerDependencies": {
        "@types/react": "^18.0.0",
        "maverick.js": "0.37.0",
        "react": "^18.0.0",
        "vidstack": "0.6.5"
      }
    },
    "node_modules/csstype": {
      "version": "3.1.2",
      "resolved": "https://registry.npmjs.org/csstype/-/csstype-3.1.2.tgz",
      "integrity": "sha512-I7K1Uu0MBPzaFKg4nI5Q7Vs2t+3gWWW648spaF+Rg7pI9ds18Ugn+lvg4SHczUdKlHI5LWBXyqfS8+DufyBsgQ==",
      "peer": true
    },
    "node_modules/js-tokens": {
      "version": "4.0.0",
      "resolved": "https://registry.npmjs.org/js-tokens/-/js-tokens-4.0.0.tgz",
      "integrity": "sha512-RdJUflcE3cUzKiMqQgsCu06FPu9UdIJO0beYbPhHN4k6apgJtifcoCtT9bcxOpYBtpD2kCM6Sbzg4CausW/PKQ==",
      "peer": true
    },
    "node_modules/loose-envify": {
      "version": "1.4.0",
      "resolved": "https://registry.npmjs.org/loose-envify/-/loose-envify-1.4.0.tgz",
      "integrity": "sha512-lyuxPGr/Wfhrlem2CL/UcnUc1zcqKAImBDzukY7Y5F/yQiNdko6+fRLevlw1HgMySw7f611UIY408EtxRSoK3Q==",
      "peer": true,
      "dependencies": {
        "js-tokens": "^3.0.0 || ^4.0.0"
      },
      "bin": {
        "loose-envify": "cli.js"
      }
    },
    "node_modules/maverick.js": {
      "version": "0.37.0",
      "resolved": "https://registry.npmjs.org/maverick.js/-/maverick.js-0.37.0.tgz",
      "integrity": "sha512-1Dk/9rienLiihlktVvH04ADC2UJTMflC1fOMVQCCaQAaz7hgzDI5i0p/arFbDM52hFFiIcq4RdXtYz47SgsLgw==",
      "dependencies": {
        "@maverick-js/signals": "^5.10.3",
        "type-fest": "^3.8.0"
      },
      "engines": {
        "node": ">=16"
      }
    },
    "node_modules/media-captions": {
      "version": "0.0.13",
      "resolved": "https://registry.npmjs.org/media-captions/-/media-captions-0.0.13.tgz",
      "integrity": "sha512-arrPBL46F/fO6fH+OI4VTxdYP2o5/3kfoivBIBy9WywcXvgeYXYlTFXg/PA9hTyjr4uBHzv1RIHzFkVwOKMD2w==",
      "engines": {
        "node": ">=16"
      }
    },
    "node_modules/react": {
      "version": "18.2.0",
      "resolved": "https://registry.npmjs.org/react/-/react-18.2.0.tgz",
      "integrity": "sha512-/3IjMdb2L9QbBdWiW5e3P2/npwMBaU9mHCSCUzNln0ZCYbcfTsGbTJrU/kGemdH2IWmB2ioZ+zkxtmq6g09fGQ==",
      "peer": true,
      "dependencies": {
        "loose-envify": "^1.1.0"
      },
      "engines": {
        "node": ">=0.10.0"
      }
    },
    "node_modules/type-fest": {
      "version": "3.11.1",
      "resolved": "https://registry.npmjs.org/type-fest/-/type-fest-3.11.1.tgz",
      "integrity": "sha512-aCuRNRERRVh33lgQaJRlUxZqzfhzwTrsE98Mc3o3VXqmiaQdHacgUtJ0esp+7MvZ92qhtzKPeusaX6vIEcoreA==",
      "engines": {
        "node": ">=14.16"
      },
      "funding": {
        "url": "https://github.com/sponsors/sindresorhus"
      }
    },
    "node_modules/vidstack": {
      "version": "0.6.5",
      "resolved": "https://registry.npmjs.org/vidstack/-/vidstack-0.6.5.tgz",
      "integrity": "sha512-60YcGQ5SwtP/fdqUincV86xa0R3/VXGd21/ter/MAmeIGAgTDXKQ64KKK/UbM3OVtmcMyR6CLxY4R5ZT9Zgtrg==",
      "dependencies": {
        "maverick.js": "0.37.0",
        "media-captions": "0.0.13",
        "type-fest": "^3.8.0"
      },
      "engines": {
        "node": ">=16"
      }
    }
  }
}
