
Microsoft Visual Studio Solution File, Format Version 12.00
# Visual Studio Version 17
VisualStudioVersion = 17.3.32929.385
MinimumVisualStudioVersion = 10.0.40219.1
Project("{2150E333-8FDC-42A3-9474-1A3956D46DE8}") = "Src", "Src", "{A110113B-BD6D-4B5D-B0DB-DD6431463476}"
EndProject
Project("{2150E333-8FDC-42A3-9474-1A3956D46DE8}") = "WebUI", "WebUI", "{5592C993-17F4-441D-9AB2-B28E5F9A318F}"
EndProject
Project("{2150E333-8FDC-42A3-9474-1A3956D46DE8}") = "Util", "Util", "{C764D36C-BABE-44D9-94B1-43F00965E836}"
EndProject
Project("{54A90642-561A-4BB1-A94E-469ADEE60C69}") = "streammasterwebui", "StreamMasterwebui\streammasterwebui.esproj", "{4E685088-6492-455C-A345-499F839E6E87}"
EndProject
Project("{2150E333-8FDC-42A3-9474-1A3956D46DE8}") = "Solution Items", "Solution Items", "{09387FAB-E6A5-4B48-90AD-85F301F1C719}"
	ProjectSection(SolutionItems) = preProject
		Directory.Build.props = Directory.Build.props
	EndProjectSection
EndProject
Project("{9A19103F-16F7-4668-BE54-9A1E7A4F7556}") = "StreamMaster.SchedulesDirect.Services", "StreamMaster.SchedulesDirect.Services\StreamMaster.SchedulesDirect.Services.csproj", "{B64C6EE8-8F89-4AE3-B9F6-8CCBBB82E44A}"
EndProject
Project("{9A19103F-16F7-4668-BE54-9A1E7A4F7556}") = "StreamMaster.SchedulesDirect.Domain", "StreamMaster.SchedulesDirect.Domain\StreamMaster.SchedulesDirect.Domain.csproj", "{653470B9-220C-4811-A2AA-EC7BF361FB0A}"
EndProject
Project("{9A19103F-16F7-4668-BE54-9A1E7A4F7556}") = "StreamMaster.SchedulesDirect", "StreamMaster.SchedulesDirect\StreamMaster.SchedulesDirect.csproj", "{CF7CEEDA-25BB-4C99-BFDC-B5A37B3F3B0D}"
EndProject
Project("{9A19103F-16F7-4668-BE54-9A1E7A4F7556}") = "StreamMaster.Domain", "StreamMaster.Domain\StreamMaster.Domain.csproj", "{3D819556-DA48-47D9-B096-0B997D60CBD9}"
EndProject
Project("{9A19103F-16F7-4668-BE54-9A1E7A4F7556}") = "StreamMaster.Infrastructure", "StreamMaster.Infrastructure\StreamMaster.Infrastructure.csproj", "{32A5D01F-8498-4CFE-86A5-FA76BBDCDCB2}"
EndProject
Project("{9A19103F-16F7-4668-BE54-9A1E7A4F7556}") = "StreamMaster.Application", "StreamMaster.Application\StreamMaster.Application.csproj", "{D509329D-B374-4DCB-B1D2-B2B06E58BC8B}"
EndProject
Project("{9A19103F-16F7-4668-BE54-9A1E7A4F7556}") = "StreamMaster.API", "StreamMaster.API\StreamMaster.API.csproj", "{BD30670C-128A-49A4-89AC-4A11238ED058}"
EndProject
Project("{9A19103F-16F7-4668-BE54-9A1E7A4F7556}") = "StreamMaster.Ring.API", "StreamMaster.Ring.API\StreamMaster.Ring.API.csproj", "{E18C7EBC-197F-4D15-96F3-0319272EAEB3}"
EndProject
Project("{9A19103F-16F7-4668-BE54-9A1E7A4F7556}") = "StreamMaster.Logging", "StreamMaster.Logging\StreamMaster.Logging.csproj", "{24DF3A12-9E14-4D8D-A9FE-BBC2850958D8}"
EndProject
Project("{9A19103F-16F7-4668-BE54-9A1E7A4F7556}") = "StreamMaster.Streams", "StreamMaster.Streams\StreamMaster.Streams.csproj", "{C9557479-5D40-4B83-B764-2A78A29F4AB3}"
EndProject
Project("{9A19103F-16F7-4668-BE54-9A1E7A4F7556}") = "StreamMaster.Streams.Domain", "StreamMaster.Streams.Domain\StreamMaster.Streams.Domain.csproj", "{6DB5E422-9D6A-4C74-A495-A5C24861CAD7}"
EndProject
Project("{9A19103F-16F7-4668-BE54-9A1E7A4F7556}") = "StreamMaster.Infrastructure.EF.PGSQL", "StreamMaster.Infrastructure.EF.PGSQL\StreamMaster.Infrastructure.EF.PGSQL.csproj", "{E0C90707-7E6B-4593-AEE6-0D4A1743810C}"
EndProject
Project("{9A19103F-16F7-4668-BE54-9A1E7A4F7556}") = "StreamMaster.Infrastructure.EF", "StreamMaster.Infrastructure.EF\StreamMaster.Infrastructure.EF.csproj", "{9603826D-4031-4944-A5D3-47CD59CD2E8D}"
EndProject
Project("{9A19103F-16F7-4668-BE54-9A1E7A4F7556}") = "StreamMaster.Infrastructure.EF.Base", "StreamMaster.Infrastructure.EF.Base\StreamMaster.Infrastructure.EF.Base.csproj", "{5559BFDA-6CD9-447E-9253-22156D5F3EB9}"
EndProject
Project("{9A19103F-16F7-4668-BE54-9A1E7A4F7556}") = "BuildClientAPI", "BuildClientAPI\BuildClientAPI.csproj", "{96684389-4E49-457E-A99F-F6C3EE4F536E}"
EndProject
Project("{FAE04EC0-301F-11D3-BF4B-00C04F79EFBC}") = "RemoveContollersAndHubs", "RemoveContollersAndHubs\RemoveContollersAndHubs.csproj", "{CDC316A2-26F4-4E95-8DA0-0DAB91B117D1}"
EndProject
Global
	GlobalSection(SolutionConfigurationPlatforms) = preSolution
		Debug|Any CPU = Debug|Any CPU
		Debug|ARM64 = Debug|ARM64
		Release|Any CPU = Release|Any CPU
		Release|ARM64 = Release|ARM64
	EndGlobalSection
	GlobalSection(ProjectConfigurationPlatforms) = postSolution
		{4E685088-6492-455C-A345-499F839E6E87}.Debug|Any CPU.ActiveCfg = Debug|Any CPU
		{4E685088-6492-455C-A345-499F839E6E87}.Debug|ARM64.ActiveCfg = Debug|ARM64
		{4E685088-6492-455C-A345-499F839E6E87}.Debug|ARM64.Deploy.0 = Debug|ARM64
		{4E685088-6492-455C-A345-499F839E6E87}.Release|Any CPU.ActiveCfg = Release|Any CPU
		{4E685088-6492-455C-A345-499F839E6E87}.Release|Any CPU.Build.0 = Release|Any CPU
		{4E685088-6492-455C-A345-499F839E6E87}.Release|Any CPU.Deploy.0 = Release|Any CPU
		{4E685088-6492-455C-A345-499F839E6E87}.Release|ARM64.ActiveCfg = Release|ARM64
		{4E685088-6492-455C-A345-499F839E6E87}.Release|ARM64.Deploy.0 = Release|ARM64
		{B64C6EE8-8F89-4AE3-B9F6-8CCBBB82E44A}.Debug|Any CPU.ActiveCfg = Debug|Any CPU
		{B64C6EE8-8F89-4AE3-B9F6-8CCBBB82E44A}.Debug|Any CPU.Build.0 = Debug|Any CPU
		{B64C6EE8-8F89-4AE3-B9F6-8CCBBB82E44A}.Debug|ARM64.ActiveCfg = Debug|Any CPU
		{B64C6EE8-8F89-4AE3-B9F6-8CCBBB82E44A}.Debug|ARM64.Build.0 = Debug|Any CPU
		{B64C6EE8-8F89-4AE3-B9F6-8CCBBB82E44A}.Release|Any CPU.ActiveCfg = Release|Any CPU
		{B64C6EE8-8F89-4AE3-B9F6-8CCBBB82E44A}.Release|Any CPU.Build.0 = Release|Any CPU
		{B64C6EE8-8F89-4AE3-B9F6-8CCBBB82E44A}.Release|ARM64.ActiveCfg = Release|Any CPU
		{B64C6EE8-8F89-4AE3-B9F6-8CCBBB82E44A}.Release|ARM64.Build.0 = Release|Any CPU
		{653470B9-220C-4811-A2AA-EC7BF361FB0A}.Debug|Any CPU.ActiveCfg = Debug|Any CPU
		{653470B9-220C-4811-A2AA-EC7BF361FB0A}.Debug|Any CPU.Build.0 = Debug|Any CPU
		{653470B9-220C-4811-A2AA-EC7BF361FB0A}.Debug|ARM64.ActiveCfg = Debug|Any CPU
		{653470B9-220C-4811-A2AA-EC7BF361FB0A}.Debug|ARM64.Build.0 = Debug|Any CPU
		{653470B9-220C-4811-A2AA-EC7BF361FB0A}.Release|Any CPU.ActiveCfg = Release|Any CPU
		{653470B9-220C-4811-A2AA-EC7BF361FB0A}.Release|Any CPU.Build.0 = Release|Any CPU
		{653470B9-220C-4811-A2AA-EC7BF361FB0A}.Release|ARM64.ActiveCfg = Release|Any CPU
		{653470B9-220C-4811-A2AA-EC7BF361FB0A}.Release|ARM64.Build.0 = Release|Any CPU
		{CF7CEEDA-25BB-4C99-BFDC-B5A37B3F3B0D}.Debug|Any CPU.ActiveCfg = Debug|Any CPU
		{CF7CEEDA-25BB-4C99-BFDC-B5A37B3F3B0D}.Debug|Any CPU.Build.0 = Debug|Any CPU
		{CF7CEEDA-25BB-4C99-BFDC-B5A37B3F3B0D}.Debug|ARM64.ActiveCfg = Debug|Any CPU
		{CF7CEEDA-25BB-4C99-BFDC-B5A37B3F3B0D}.Debug|ARM64.Build.0 = Debug|Any CPU
		{CF7CEEDA-25BB-4C99-BFDC-B5A37B3F3B0D}.Release|Any CPU.ActiveCfg = Release|Any CPU
		{CF7CEEDA-25BB-4C99-BFDC-B5A37B3F3B0D}.Release|Any CPU.Build.0 = Release|Any CPU
		{CF7CEEDA-25BB-4C99-BFDC-B5A37B3F3B0D}.Release|ARM64.ActiveCfg = Release|Any CPU
		{CF7CEEDA-25BB-4C99-BFDC-B5A37B3F3B0D}.Release|ARM64.Build.0 = Release|Any CPU
		{3D819556-DA48-47D9-B096-0B997D60CBD9}.Debug|Any CPU.ActiveCfg = Debug|Any CPU
		{3D819556-DA48-47D9-B096-0B997D60CBD9}.Debug|Any CPU.Build.0 = Debug|Any CPU
		{3D819556-DA48-47D9-B096-0B997D60CBD9}.Debug|ARM64.ActiveCfg = Debug|ARM64
		{3D819556-DA48-47D9-B096-0B997D60CBD9}.Debug|ARM64.Build.0 = Debug|ARM64
		{3D819556-DA48-47D9-B096-0B997D60CBD9}.Release|Any CPU.ActiveCfg = Release|Any CPU
		{3D819556-DA48-47D9-B096-0B997D60CBD9}.Release|Any CPU.Build.0 = Release|Any CPU
		{3D819556-DA48-47D9-B096-0B997D60CBD9}.Release|ARM64.ActiveCfg = Release|ARM64
		{3D819556-DA48-47D9-B096-0B997D60CBD9}.Release|ARM64.Build.0 = Release|ARM64
		{32A5D01F-8498-4CFE-86A5-FA76BBDCDCB2}.Debug|Any CPU.ActiveCfg = Debug|Any CPU
		{32A5D01F-8498-4CFE-86A5-FA76BBDCDCB2}.Debug|Any CPU.Build.0 = Debug|Any CPU
		{32A5D01F-8498-4CFE-86A5-FA76BBDCDCB2}.Debug|ARM64.ActiveCfg = Debug|ARM64
		{32A5D01F-8498-4CFE-86A5-FA76BBDCDCB2}.Debug|ARM64.Build.0 = Debug|ARM64
		{32A5D01F-8498-4CFE-86A5-FA76BBDCDCB2}.Release|Any CPU.ActiveCfg = Release|Any CPU
		{32A5D01F-8498-4CFE-86A5-FA76BBDCDCB2}.Release|Any CPU.Build.0 = Release|Any CPU
		{32A5D01F-8498-4CFE-86A5-FA76BBDCDCB2}.Release|ARM64.ActiveCfg = Release|ARM64
		{32A5D01F-8498-4CFE-86A5-FA76BBDCDCB2}.Release|ARM64.Build.0 = Release|ARM64
		{D509329D-B374-4DCB-B1D2-B2B06E58BC8B}.Debug|Any CPU.ActiveCfg = Debug|Any CPU
		{D509329D-B374-4DCB-B1D2-B2B06E58BC8B}.Debug|Any CPU.Build.0 = Debug|Any CPU
		{D509329D-B374-4DCB-B1D2-B2B06E58BC8B}.Debug|ARM64.ActiveCfg = Debug|ARM64
		{D509329D-B374-4DCB-B1D2-B2B06E58BC8B}.Debug|ARM64.Build.0 = Debug|ARM64
		{D509329D-B374-4DCB-B1D2-B2B06E58BC8B}.Release|Any CPU.ActiveCfg = Release|Any CPU
		{D509329D-B374-4DCB-B1D2-B2B06E58BC8B}.Release|Any CPU.Build.0 = Release|Any CPU
		{D509329D-B374-4DCB-B1D2-B2B06E58BC8B}.Release|ARM64.ActiveCfg = Release|ARM64
		{D509329D-B374-4DCB-B1D2-B2B06E58BC8B}.Release|ARM64.Build.0 = Release|ARM64
		{BD30670C-128A-49A4-89AC-4A11238ED058}.Debug|Any CPU.ActiveCfg = Debug|Any CPU
		{BD30670C-128A-49A4-89AC-4A11238ED058}.Debug|Any CPU.Build.0 = Debug|Any CPU
		{BD30670C-128A-49A4-89AC-4A11238ED058}.Debug|ARM64.ActiveCfg = Debug|ARM64
		{BD30670C-128A-49A4-89AC-4A11238ED058}.Debug|ARM64.Build.0 = Debug|ARM64
		{BD30670C-128A-49A4-89AC-4A11238ED058}.Release|Any CPU.ActiveCfg = Release|Any CPU
		{BD30670C-128A-49A4-89AC-4A11238ED058}.Release|Any CPU.Build.0 = Release|Any CPU
		{BD30670C-128A-49A4-89AC-4A11238ED058}.Release|ARM64.ActiveCfg = Release|ARM64
		{BD30670C-128A-49A4-89AC-4A11238ED058}.Release|ARM64.Build.0 = Release|ARM64
		{E18C7EBC-197F-4D15-96F3-0319272EAEB3}.Debug|Any CPU.ActiveCfg = Debug|Any CPU
		{E18C7EBC-197F-4D15-96F3-0319272EAEB3}.Debug|Any CPU.Build.0 = Debug|Any CPU
		{E18C7EBC-197F-4D15-96F3-0319272EAEB3}.Debug|ARM64.ActiveCfg = Debug|Any CPU
		{E18C7EBC-197F-4D15-96F3-0319272EAEB3}.Debug|ARM64.Build.0 = Debug|Any CPU
		{E18C7EBC-197F-4D15-96F3-0319272EAEB3}.Release|Any CPU.ActiveCfg = Release|Any CPU
		{E18C7EBC-197F-4D15-96F3-0319272EAEB3}.Release|Any CPU.Build.0 = Release|Any CPU
		{E18C7EBC-197F-4D15-96F3-0319272EAEB3}.Release|ARM64.ActiveCfg = Release|Any CPU
		{E18C7EBC-197F-4D15-96F3-0319272EAEB3}.Release|ARM64.Build.0 = Release|Any CPU
		{24DF3A12-9E14-4D8D-A9FE-BBC2850958D8}.Debug|Any CPU.ActiveCfg = Debug|Any CPU
		{24DF3A12-9E14-4D8D-A9FE-BBC2850958D8}.Debug|Any CPU.Build.0 = Debug|Any CPU
		{24DF3A12-9E14-4D8D-A9FE-BBC2850958D8}.Debug|ARM64.ActiveCfg = Debug|Any CPU
		{24DF3A12-9E14-4D8D-A9FE-BBC2850958D8}.Debug|ARM64.Build.0 = Debug|Any CPU
		{24DF3A12-9E14-4D8D-A9FE-BBC2850958D8}.Release|Any CPU.ActiveCfg = Release|Any CPU
		{24DF3A12-9E14-4D8D-A9FE-BBC2850958D8}.Release|Any CPU.Build.0 = Release|Any CPU
		{24DF3A12-9E14-4D8D-A9FE-BBC2850958D8}.Release|ARM64.ActiveCfg = Release|Any CPU
		{24DF3A12-9E14-4D8D-A9FE-BBC2850958D8}.Release|ARM64.Build.0 = Release|Any CPU
		{C9557479-5D40-4B83-B764-2A78A29F4AB3}.Debug|Any CPU.ActiveCfg = Debug|Any CPU
		{C9557479-5D40-4B83-B764-2A78A29F4AB3}.Debug|Any CPU.Build.0 = Debug|Any CPU
		{C9557479-5D40-4B83-B764-2A78A29F4AB3}.Debug|ARM64.ActiveCfg = Debug|Any CPU
		{C9557479-5D40-4B83-B764-2A78A29F4AB3}.Debug|ARM64.Build.0 = Debug|Any CPU
		{C9557479-5D40-4B83-B764-2A78A29F4AB3}.Release|Any CPU.ActiveCfg = Release|Any CPU
		{C9557479-5D40-4B83-B764-2A78A29F4AB3}.Release|Any CPU.Build.0 = Release|Any CPU
		{C9557479-5D40-4B83-B764-2A78A29F4AB3}.Release|ARM64.ActiveCfg = Release|Any CPU
		{C9557479-5D40-4B83-B764-2A78A29F4AB3}.Release|ARM64.Build.0 = Release|Any CPU
		{6DB5E422-9D6A-4C74-A495-A5C24861CAD7}.Debug|Any CPU.ActiveCfg = Debug|Any CPU
		{6DB5E422-9D6A-4C74-A495-A5C24861CAD7}.Debug|Any CPU.Build.0 = Debug|Any CPU
		{6DB5E422-9D6A-4C74-A495-A5C24861CAD7}.Debug|ARM64.ActiveCfg = Debug|Any CPU
		{6DB5E422-9D6A-4C74-A495-A5C24861CAD7}.Debug|ARM64.Build.0 = Debug|Any CPU
		{6DB5E422-9D6A-4C74-A495-A5C24861CAD7}.Release|Any CPU.ActiveCfg = Release|Any CPU
		{6DB5E422-9D6A-4C74-A495-A5C24861CAD7}.Release|Any CPU.Build.0 = Release|Any CPU
		{6DB5E422-9D6A-4C74-A495-A5C24861CAD7}.Release|ARM64.ActiveCfg = Release|Any CPU
		{6DB5E422-9D6A-4C74-A495-A5C24861CAD7}.Release|ARM64.Build.0 = Release|Any CPU
		{E0C90707-7E6B-4593-AEE6-0D4A1743810C}.Debug|Any CPU.ActiveCfg = Debug|Any CPU
		{E0C90707-7E6B-4593-AEE6-0D4A1743810C}.Debug|Any CPU.Build.0 = Debug|Any CPU
		{E0C90707-7E6B-4593-AEE6-0D4A1743810C}.Debug|ARM64.ActiveCfg = Debug|Any CPU
		{E0C90707-7E6B-4593-AEE6-0D4A1743810C}.Debug|ARM64.Build.0 = Debug|Any CPU
		{E0C90707-7E6B-4593-AEE6-0D4A1743810C}.Release|Any CPU.ActiveCfg = Release|Any CPU
		{E0C90707-7E6B-4593-AEE6-0D4A1743810C}.Release|Any CPU.Build.0 = Release|Any CPU
		{E0C90707-7E6B-4593-AEE6-0D4A1743810C}.Release|ARM64.ActiveCfg = Release|Any CPU
		{E0C90707-7E6B-4593-AEE6-0D4A1743810C}.Release|ARM64.Build.0 = Release|Any CPU
		{9603826D-4031-4944-A5D3-47CD59CD2E8D}.Debug|Any CPU.ActiveCfg = Debug|Any CPU
		{9603826D-4031-4944-A5D3-47CD59CD2E8D}.Debug|Any CPU.Build.0 = Debug|Any CPU
		{9603826D-4031-4944-A5D3-47CD59CD2E8D}.Debug|ARM64.ActiveCfg = Debug|Any CPU
		{9603826D-4031-4944-A5D3-47CD59CD2E8D}.Debug|ARM64.Build.0 = Debug|Any CPU
		{9603826D-4031-4944-A5D3-47CD59CD2E8D}.Release|Any CPU.ActiveCfg = Release|Any CPU
		{9603826D-4031-4944-A5D3-47CD59CD2E8D}.Release|Any CPU.Build.0 = Release|Any CPU
		{9603826D-4031-4944-A5D3-47CD59CD2E8D}.Release|ARM64.ActiveCfg = Release|Any CPU
		{9603826D-4031-4944-A5D3-47CD59CD2E8D}.Release|ARM64.Build.0 = Release|Any CPU
		{5559BFDA-6CD9-447E-9253-22156D5F3EB9}.Debug|Any CPU.ActiveCfg = Debug|Any CPU
		{5559BFDA-6CD9-447E-9253-22156D5F3EB9}.Debug|Any CPU.Build.0 = Debug|Any CPU
		{5559BFDA-6CD9-447E-9253-22156D5F3EB9}.Debug|ARM64.ActiveCfg = Debug|Any CPU
		{5559BFDA-6CD9-447E-9253-22156D5F3EB9}.Debug|ARM64.Build.0 = Debug|Any CPU
		{5559BFDA-6CD9-447E-9253-22156D5F3EB9}.Release|Any CPU.ActiveCfg = Release|Any CPU
		{5559BFDA-6CD9-447E-9253-22156D5F3EB9}.Release|Any CPU.Build.0 = Release|Any CPU
		{5559BFDA-6CD9-447E-9253-22156D5F3EB9}.Release|ARM64.ActiveCfg = Release|Any CPU
		{5559BFDA-6CD9-447E-9253-22156D5F3EB9}.Release|ARM64.Build.0 = Release|Any CPU
		{96684389-4E49-457E-A99F-F6C3EE4F536E}.Debug|Any CPU.ActiveCfg = Debug|Any CPU
		{96684389-4E49-457E-A99F-F6C3EE4F536E}.Debug|Any CPU.Build.0 = Debug|Any CPU
		{96684389-4E49-457E-A99F-F6C3EE4F536E}.Debug|ARM64.ActiveCfg = Debug|Any CPU
		{96684389-4E49-457E-A99F-F6C3EE4F536E}.Debug|ARM64.Build.0 = Debug|Any CPU
		{96684389-4E49-457E-A99F-F6C3EE4F536E}.Release|Any CPU.ActiveCfg = Release|Any CPU
		{96684389-4E49-457E-A99F-F6C3EE4F536E}.Release|Any CPU.Build.0 = Release|Any CPU
		{96684389-4E49-457E-A99F-F6C3EE4F536E}.Release|ARM64.ActiveCfg = Release|Any CPU
		{96684389-4E49-457E-A99F-F6C3EE4F536E}.Release|ARM64.Build.0 = Release|Any CPU
		{CDC316A2-26F4-4E95-8DA0-0DAB91B117D1}.Debug|Any CPU.ActiveCfg = Debug|Any CPU
		{CDC316A2-26F4-4E95-8DA0-0DAB91B117D1}.Debug|Any CPU.Build.0 = Debug|Any CPU
		{CDC316A2-26F4-4E95-8DA0-0DAB91B117D1}.Debug|ARM64.ActiveCfg = Debug|Any CPU
		{CDC316A2-26F4-4E95-8DA0-0DAB91B117D1}.Debug|ARM64.Build.0 = Debug|Any CPU
		{CDC316A2-26F4-4E95-8DA0-0DAB91B117D1}.Release|Any CPU.ActiveCfg = Release|Any CPU
		{CDC316A2-26F4-4E95-8DA0-0DAB91B117D1}.Release|Any CPU.Build.0 = Release|Any CPU
		{CDC316A2-26F4-4E95-8DA0-0DAB91B117D1}.Release|ARM64.ActiveCfg = Release|Any CPU
		{CDC316A2-26F4-4E95-8DA0-0DAB91B117D1}.Release|ARM64.Build.0 = Release|Any CPU
	EndGlobalSection
	GlobalSection(SolutionProperties) = preSolution
		HideSolutionNode = FALSE
	EndGlobalSection
	GlobalSection(NestedProjects) = preSolution
		{4E685088-6492-455C-A345-499F839E6E87} = {5592C993-17F4-441D-9AB2-B28E5F9A318F}
		{B64C6EE8-8F89-4AE3-B9F6-8CCBBB82E44A} = {A110113B-BD6D-4B5D-B0DB-DD6431463476}
		{653470B9-220C-4811-A2AA-EC7BF361FB0A} = {A110113B-BD6D-4B5D-B0DB-DD6431463476}
		{CF7CEEDA-25BB-4C99-BFDC-B5A37B3F3B0D} = {A110113B-BD6D-4B5D-B0DB-DD6431463476}
		{3D819556-DA48-47D9-B096-0B997D60CBD9} = {A110113B-BD6D-4B5D-B0DB-DD6431463476}
		{32A5D01F-8498-4CFE-86A5-FA76BBDCDCB2} = {A110113B-BD6D-4B5D-B0DB-DD6431463476}
		{D509329D-B374-4DCB-B1D2-B2B06E58BC8B} = {A110113B-BD6D-4B5D-B0DB-DD6431463476}
		{BD30670C-128A-49A4-89AC-4A11238ED058} = {5592C993-17F4-441D-9AB2-B28E5F9A318F}
		{E18C7EBC-197F-4D15-96F3-0319272EAEB3} = {A110113B-BD6D-4B5D-B0DB-DD6431463476}
		{24DF3A12-9E14-4D8D-A9FE-BBC2850958D8} = {A110113B-BD6D-4B5D-B0DB-DD6431463476}
		{C9557479-5D40-4B83-B764-2A78A29F4AB3} = {A110113B-BD6D-4B5D-B0DB-DD6431463476}
		{6DB5E422-9D6A-4C74-A495-A5C24861CAD7} = {A110113B-BD6D-4B5D-B0DB-DD6431463476}
		{E0C90707-7E6B-4593-AEE6-0D4A1743810C} = {A110113B-BD6D-4B5D-B0DB-DD6431463476}
		{9603826D-4031-4944-A5D3-47CD59CD2E8D} = {A110113B-BD6D-4B5D-B0DB-DD6431463476}
		{5559BFDA-6CD9-447E-9253-22156D5F3EB9} = {A110113B-BD6D-4B5D-B0DB-DD6431463476}
		{96684389-4E49-457E-A99F-F6C3EE4F536E} = {C764D36C-BABE-44D9-94B1-43F00965E836}
		{CDC316A2-26F4-4E95-8DA0-0DAB91B117D1} = {C764D36C-BABE-44D9-94B1-43F00965E836}
	EndGlobalSection
	GlobalSection(ExtensibilityGlobals) = postSolution
		SolutionGuid = {A052E296-D42D-4EB4-8967-70DF432D997D}
	EndGlobalSection
EndGlobal
